
Microsoft Visual Studio Solution File, Format Version 12.00
# Visual Studio Version 17
VisualStudioVersion = 17.0.31912.275
MinimumVisualStudioVersion = 10.0.40219.1
Project("{FAE04EC0-301F-11D3-BF4B-00C04F79EFBC}") = "CourseApp", "CourseApp\CourseApp.csproj", "{52307A58-0AD6-4230-B0D8-0A75C08F705A}"
EndProject
Global
	GlobalSection(SolutionConfigurationPlatforms) = preSolution
		Debug|Any CPU = Debug|Any CPU
		Release|Any CPU = Release|Any CPU
	EndGlobalSection
	GlobalSection(ProjectConfigurationPlatforms) = postSolution
		{52307A58-0AD6-4230-B0D8-0A75C08F705A}.Debug|Any CPU.ActiveCfg = Debug|Any CPU
		{52307A58-0AD6-4230-B0D8-0A75C08F705A}.Debug|Any CPU.Build.0 = Debug|Any CPU
		{52307A58-0AD6-4230-B0D8-0A75C08F705A}.Release|Any CPU.ActiveCfg = Release|Any CPU
		{52307A58-0AD6-4230-B0D8-0A75C08F705A}.Release|Any CPU.Build.0 = Release|Any CPU
	EndGlobalSection
	GlobalSection(SolutionProperties) = preSolution
		HideSolutionNode = FALSE
	EndGlobalSection
	GlobalSection(ExtensibilityGlobals) = postSolution
		SolutionGuid = {4646C19D-0E1B-42E1-BB7C-4318E0299210}
	EndGlobalSection
EndGlobal
